
Microsoft Visual Studio Solution File, Format Version 12.00
# Visual Studio 15
VisualStudioVersion = 15.0.26403.3
MinimumVisualStudioVersion = 10.0.40219.1
Project("{FAE04EC0-301F-11D3-BF4B-00C04F79EFBC}") = "multipage_application.Android", "multipage-application\multipage_application.Android\multipage_application.Android.csproj", "{BAC7EEB4-9371-4A94-A169-C3BE394ED310}"
EndProject
Project("{FAE04EC0-301F-11D3-BF4B-00C04F79EFBC}") = "multipage_application", "multipage-application\multipage_application\multipage_application.csproj", "{81DB5C96-6C12-42F3-8262-1B0A77868C29}"
EndProject
Project("{FAE04EC0-301F-11D3-BF4B-00C04F79EFBC}") = "multipage_application.UWP", "multipage-application\multipage_application.UWP\multipage_application.UWP.csproj", "{E3C55E11-2B43-49DF-8E2F-23E173ABEA02}"
EndProject
Project("{FAE04EC0-301F-11D3-BF4B-00C04F79EFBC}") = "multipage_application.iOS", "multipage-application\multipage_application.iOS\multipage_application.iOS.csproj", "{568FE7F7-ED25-4298-A29D-744395E5AA81}"
EndProject
Global
	GlobalSection(SolutionConfigurationPlatforms) = preSolution
		Ad-Hoc|Any CPU = Ad-Hoc|Any CPU
		Ad-Hoc|ARM = Ad-Hoc|ARM
		Ad-Hoc|iPhone = Ad-Hoc|iPhone
		Ad-Hoc|iPhoneSimulator = Ad-Hoc|iPhoneSimulator
		Ad-Hoc|x64 = Ad-Hoc|x64
		Ad-Hoc|x86 = Ad-Hoc|x86
		AppStore|Any CPU = AppStore|Any CPU
		AppStore|ARM = AppStore|ARM
		AppStore|iPhone = AppStore|iPhone
		AppStore|iPhoneSimulator = AppStore|iPhoneSimulator
		AppStore|x64 = AppStore|x64
		AppStore|x86 = AppStore|x86
		Debug|Any CPU = Debug|Any CPU
		Debug|ARM = Debug|ARM
		Debug|iPhone = Debug|iPhone
		Debug|iPhoneSimulator = Debug|iPhoneSimulator
		Debug|x64 = Debug|x64
		Debug|x86 = Debug|x86
		Release|Any CPU = Release|Any CPU
		Release|ARM = Release|ARM
		Release|iPhone = Release|iPhone
		Release|iPhoneSimulator = Release|iPhoneSimulator
		Release|x64 = Release|x64
		Release|x86 = Release|x86
	EndGlobalSection
	GlobalSection(ProjectConfigurationPlatforms) = postSolution
		{BAC7EEB4-9371-4A94-A169-C3BE394ED310}.Ad-Hoc|Any CPU.ActiveCfg = Release|Any CPU
		{BAC7EEB4-9371-4A94-A169-C3BE394ED310}.Ad-Hoc|Any CPU.Build.0 = Release|Any CPU
		{BAC7EEB4-9371-4A94-A169-C3BE394ED310}.Ad-Hoc|Any CPU.Deploy.0 = Release|Any CPU
		{BAC7EEB4-9371-4A94-A169-C3BE394ED310}.Ad-Hoc|ARM.ActiveCfg = Release|Any CPU
		{BAC7EEB4-9371-4A94-A169-C3BE394ED310}.Ad-Hoc|ARM.Build.0 = Release|Any CPU
		{BAC7EEB4-9371-4A94-A169-C3BE394ED310}.Ad-Hoc|ARM.Deploy.0 = Release|Any CPU
		{BAC7EEB4-9371-4A94-A169-C3BE394ED310}.Ad-Hoc|iPhone.ActiveCfg = Release|Any CPU
		{BAC7EEB4-9371-4A94-A169-C3BE394ED310}.Ad-Hoc|iPhone.Build.0 = Release|Any CPU
		{BAC7EEB4-9371-4A94-A169-C3BE394ED310}.Ad-Hoc|iPhone.Deploy.0 = Release|Any CPU
		{BAC7EEB4-9371-4A94-A169-C3BE394ED310}.Ad-Hoc|iPhoneSimulator.ActiveCfg = Release|Any CPU
		{BAC7EEB4-9371-4A94-A169-C3BE394ED310}.Ad-Hoc|iPhoneSimulator.Build.0 = Release|Any CPU
		{BAC7EEB4-9371-4A94-A169-C3BE394ED310}.Ad-Hoc|iPhoneSimulator.Deploy.0 = Release|Any CPU
		{BAC7EEB4-9371-4A94-A169-C3BE394ED310}.Ad-Hoc|x64.ActiveCfg = Release|Any CPU
		{BAC7EEB4-9371-4A94-A169-C3BE394ED310}.Ad-Hoc|x64.Build.0 = Release|Any CPU
		{BAC7EEB4-9371-4A94-A169-C3BE394ED310}.Ad-Hoc|x64.Deploy.0 = Release|Any CPU
		{BAC7EEB4-9371-4A94-A169-C3BE394ED310}.Ad-Hoc|x86.ActiveCfg = Release|Any CPU
		{BAC7EEB4-9371-4A94-A169-C3BE394ED310}.Ad-Hoc|x86.Build.0 = Release|Any CPU
		{BAC7EEB4-9371-4A94-A169-C3BE394ED310}.Ad-Hoc|x86.Deploy.0 = Release|Any CPU
		{BAC7EEB4-9371-4A94-A169-C3BE394ED310}.AppStore|Any CPU.ActiveCfg = Release|Any CPU
		{BAC7EEB4-9371-4A94-A169-C3BE394ED310}.AppStore|Any CPU.Build.0 = Release|Any CPU
		{BAC7EEB4-9371-4A94-A169-C3BE394ED310}.AppStore|Any CPU.Deploy.0 = Release|Any CPU
		{BAC7EEB4-9371-4A94-A169-C3BE394ED310}.AppStore|ARM.ActiveCfg = Release|Any CPU
		{BAC7EEB4-9371-4A94-A169-C3BE394ED310}.AppStore|ARM.Build.0 = Release|Any CPU
		{BAC7EEB4-9371-4A94-A169-C3BE394ED310}.AppStore|ARM.Deploy.0 = Release|Any CPU
		{BAC7EEB4-9371-4A94-A169-C3BE394ED310}.AppStore|iPhone.ActiveCfg = Release|Any CPU
		{BAC7EEB4-9371-4A94-A169-C3BE394ED310}.AppStore|iPhone.Build.0 = Release|Any CPU
		{BAC7EEB4-9371-4A94-A169-C3BE394ED310}.AppStore|iPhone.Deploy.0 = Release|Any CPU
		{BAC7EEB4-9371-4A94-A169-C3BE394ED310}.AppStore|iPhoneSimulator.ActiveCfg = Release|Any CPU
		{BAC7EEB4-9371-4A94-A169-C3BE394ED310}.AppStore|iPhoneSimulator.Build.0 = Release|Any CPU
		{BAC7EEB4-9371-4A94-A169-C3BE394ED310}.AppStore|iPhoneSimulator.Deploy.0 = Release|Any CPU
		{BAC7EEB4-9371-4A94-A169-C3BE394ED310}.AppStore|x64.ActiveCfg = Release|Any CPU
		{BAC7EEB4-9371-4A94-A169-C3BE394ED310}.AppStore|x64.Build.0 = Release|Any CPU
		{BAC7EEB4-9371-4A94-A169-C3BE394ED310}.AppStore|x64.Deploy.0 = Release|Any CPU
		{BAC7EEB4-9371-4A94-A169-C3BE394ED310}.AppStore|x86.ActiveCfg = Release|Any CPU
		{BAC7EEB4-9371-4A94-A169-C3BE394ED310}.AppStore|x86.Build.0 = Release|Any CPU
		{BAC7EEB4-9371-4A94-A169-C3BE394ED310}.AppStore|x86.Deploy.0 = Release|Any CPU
		{BAC7EEB4-9371-4A94-A169-C3BE394ED310}.Debug|Any CPU.ActiveCfg = Debug|Any CPU
		{BAC7EEB4-9371-4A94-A169-C3BE394ED310}.Debug|Any CPU.Build.0 = Debug|Any CPU
		{BAC7EEB4-9371-4A94-A169-C3BE394ED310}.Debug|Any CPU.Deploy.0 = Debug|Any CPU
		{BAC7EEB4-9371-4A94-A169-C3BE394ED310}.Debug|ARM.ActiveCfg = Debug|Any CPU
		{BAC7EEB4-9371-4A94-A169-C3BE394ED310}.Debug|ARM.Build.0 = Debug|Any CPU
		{BAC7EEB4-9371-4A94-A169-C3BE394ED310}.Debug|ARM.Deploy.0 = Debug|Any CPU
		{BAC7EEB4-9371-4A94-A169-C3BE394ED310}.Debug|iPhone.ActiveCfg = Debug|Any CPU
		{BAC7EEB4-9371-4A94-A169-C3BE394ED310}.Debug|iPhone.Build.0 = Debug|Any CPU
		{BAC7EEB4-9371-4A94-A169-C3BE394ED310}.Debug|iPhone.Deploy.0 = Debug|Any CPU
		{BAC7EEB4-9371-4A94-A169-C3BE394ED310}.Debug|iPhoneSimulator.ActiveCfg = Debug|Any CPU
		{BAC7EEB4-9371-4A94-A169-C3BE394ED310}.Debug|iPhoneSimulator.Build.0 = Debug|Any CPU
		{BAC7EEB4-9371-4A94-A169-C3BE394ED310}.Debug|iPhoneSimulator.Deploy.0 = Debug|Any CPU
		{BAC7EEB4-9371-4A94-A169-C3BE394ED310}.Debug|x64.ActiveCfg = Debug|Any CPU
		{BAC7EEB4-9371-4A94-A169-C3BE394ED310}.Debug|x64.Build.0 = Debug|Any CPU
		{BAC7EEB4-9371-4A94-A169-C3BE394ED310}.Debug|x64.Deploy.0 = Debug|Any CPU
		{BAC7EEB4-9371-4A94-A169-C3BE394ED310}.Debug|x86.ActiveCfg = Debug|Any CPU
		{BAC7EEB4-9371-4A94-A169-C3BE394ED310}.Debug|x86.Build.0 = Debug|Any CPU
		{BAC7EEB4-9371-4A94-A169-C3BE394ED310}.Debug|x86.Deploy.0 = Debug|Any CPU
		{BAC7EEB4-9371-4A94-A169-C3BE394ED310}.Release|Any CPU.ActiveCfg = Release|Any CPU
		{BAC7EEB4-9371-4A94-A169-C3BE394ED310}.Release|Any CPU.Build.0 = Release|Any CPU
		{BAC7EEB4-9371-4A94-A169-C3BE394ED310}.Release|Any CPU.Deploy.0 = Release|Any CPU
		{BAC7EEB4-9371-4A94-A169-C3BE394ED310}.Release|ARM.ActiveCfg = Release|Any CPU
		{BAC7EEB4-9371-4A94-A169-C3BE394ED310}.Release|ARM.Build.0 = Release|Any CPU
		{BAC7EEB4-9371-4A94-A169-C3BE394ED310}.Release|ARM.Deploy.0 = Release|Any CPU
		{BAC7EEB4-9371-4A94-A169-C3BE394ED310}.Release|iPhone.ActiveCfg = Release|Any CPU
		{BAC7EEB4-9371-4A94-A169-C3BE394ED310}.Release|iPhone.Build.0 = Release|Any CPU
		{BAC7EEB4-9371-4A94-A169-C3BE394ED310}.Release|iPhone.Deploy.0 = Release|Any CPU
		{BAC7EEB4-9371-4A94-A169-C3BE394ED310}.Release|iPhoneSimulator.ActiveCfg = Release|Any CPU
		{BAC7EEB4-9371-4A94-A169-C3BE394ED310}.Release|iPhoneSimulator.Build.0 = Release|Any CPU
		{BAC7EEB4-9371-4A94-A169-C3BE394ED310}.Release|iPhoneSimulator.Deploy.0 = Release|Any CPU
		{BAC7EEB4-9371-4A94-A169-C3BE394ED310}.Release|x64.ActiveCfg = Release|Any CPU
		{BAC7EEB4-9371-4A94-A169-C3BE394ED310}.Release|x64.Build.0 = Release|Any CPU
		{BAC7EEB4-9371-4A94-A169-C3BE394ED310}.Release|x64.Deploy.0 = Release|Any CPU
		{BAC7EEB4-9371-4A94-A169-C3BE394ED310}.Release|x86.ActiveCfg = Release|Any CPU
		{BAC7EEB4-9371-4A94-A169-C3BE394ED310}.Release|x86.Build.0 = Release|Any CPU
		{BAC7EEB4-9371-4A94-A169-C3BE394ED310}.Release|x86.Deploy.0 = Release|Any CPU
		{81DB5C96-6C12-42F3-8262-1B0A77868C29}.Ad-Hoc|Any CPU.ActiveCfg = Release|Any CPU
		{81DB5C96-6C12-42F3-8262-1B0A77868C29}.Ad-Hoc|Any CPU.Build.0 = Release|Any CPU
		{81DB5C96-6C12-42F3-8262-1B0A77868C29}.Ad-Hoc|ARM.ActiveCfg = Release|Any CPU
		{81DB5C96-6C12-42F3-8262-1B0A77868C29}.Ad-Hoc|ARM.Build.0 = Release|Any CPU
		{81DB5C96-6C12-42F3-8262-1B0A77868C29}.Ad-Hoc|iPhone.ActiveCfg = Release|Any CPU
		{81DB5C96-6C12-42F3-8262-1B0A77868C29}.Ad-Hoc|iPhone.Build.0 = Release|Any CPU
		{81DB5C96-6C12-42F3-8262-1B0A77868C29}.Ad-Hoc|iPhoneSimulator.ActiveCfg = Release|Any CPU
		{81DB5C96-6C12-42F3-8262-1B0A77868C29}.Ad-Hoc|iPhoneSimulator.Build.0 = Release|Any CPU
		{81DB5C96-6C12-42F3-8262-1B0A77868C29}.Ad-Hoc|x64.ActiveCfg = Release|Any CPU
		{81DB5C96-6C12-42F3-8262-1B0A77868C29}.Ad-Hoc|x64.Build.0 = Release|Any CPU
		{81DB5C96-6C12-42F3-8262-1B0A77868C29}.Ad-Hoc|x86.ActiveCfg = Release|Any CPU
		{81DB5C96-6C12-42F3-8262-1B0A77868C29}.Ad-Hoc|x86.Build.0 = Release|Any CPU
		{81DB5C96-6C12-42F3-8262-1B0A77868C29}.AppStore|Any CPU.ActiveCfg = Release|Any CPU
		{81DB5C96-6C12-42F3-8262-1B0A77868C29}.AppStore|Any CPU.Build.0 = Release|Any CPU
		{81DB5C96-6C12-42F3-8262-1B0A77868C29}.AppStore|ARM.ActiveCfg = Release|Any CPU
		{81DB5C96-6C12-42F3-8262-1B0A77868C29}.AppStore|ARM.Build.0 = Release|Any CPU
		{81DB5C96-6C12-42F3-8262-1B0A77868C29}.AppStore|iPhone.ActiveCfg = Release|Any CPU
		{81DB5C96-6C12-42F3-8262-1B0A77868C29}.AppStore|iPhone.Build.0 = Release|Any CPU
		{81DB5C96-6C12-42F3-8262-1B0A77868C29}.AppStore|iPhoneSimulator.ActiveCfg = Release|Any CPU
		{81DB5C96-6C12-42F3-8262-1B0A77868C29}.AppStore|iPhoneSimulator.Build.0 = Release|Any CPU
		{81DB5C96-6C12-42F3-8262-1B0A77868C29}.AppStore|x64.ActiveCfg = Release|Any CPU
		{81DB5C96-6C12-42F3-8262-1B0A77868C29}.AppStore|x64.Build.0 = Release|Any CPU
		{81DB5C96-6C12-42F3-8262-1B0A77868C29}.AppStore|x86.ActiveCfg = Release|Any CPU
		{81DB5C96-6C12-42F3-8262-1B0A77868C29}.AppStore|x86.Build.0 = Release|Any CPU
		{81DB5C96-6C12-42F3-8262-1B0A77868C29}.Debug|Any CPU.ActiveCfg = Debug|Any CPU
		{81DB5C96-6C12-42F3-8262-1B0A77868C29}.Debug|Any CPU.Build.0 = Debug|Any CPU
		{81DB5C96-6C12-42F3-8262-1B0A77868C29}.Debug|ARM.ActiveCfg = Debug|Any CPU
		{81DB5C96-6C12-42F3-8262-1B0A77868C29}.Debug|ARM.Build.0 = Debug|Any CPU
		{81DB5C96-6C12-42F3-8262-1B0A77868C29}.Debug|iPhone.ActiveCfg = Debug|Any CPU
		{81DB5C96-6C12-42F3-8262-1B0A77868C29}.Debug|iPhone.Build.0 = Debug|Any CPU
		{81DB5C96-6C12-42F3-8262-1B0A77868C29}.Debug|iPhoneSimulator.ActiveCfg = Debug|Any CPU
		{81DB5C96-6C12-42F3-8262-1B0A77868C29}.Debug|iPhoneSimulator.Build.0 = Debug|Any CPU
		{81DB5C96-6C12-42F3-8262-1B0A77868C29}.Debug|x64.ActiveCfg = Debug|Any CPU
		{81DB5C96-6C12-42F3-8262-1B0A77868C29}.Debug|x64.Build.0 = Debug|Any CPU
		{81DB5C96-6C12-42F3-8262-1B0A77868C29}.Debug|x86.ActiveCfg = Debug|Any CPU
		{81DB5C96-6C12-42F3-8262-1B0A77868C29}.Debug|x86.Build.0 = Debug|Any CPU
		{81DB5C96-6C12-42F3-8262-1B0A77868C29}.Release|Any CPU.ActiveCfg = Release|Any CPU
		{81DB5C96-6C12-42F3-8262-1B0A77868C29}.Release|Any CPU.Build.0 = Release|Any CPU
		{81DB5C96-6C12-42F3-8262-1B0A77868C29}.Release|ARM.ActiveCfg = Release|Any CPU
		{81DB5C96-6C12-42F3-8262-1B0A77868C29}.Release|ARM.Build.0 = Release|Any CPU
		{81DB5C96-6C12-42F3-8262-1B0A77868C29}.Release|iPhone.ActiveCfg = Release|Any CPU
		{81DB5C96-6C12-42F3-8262-1B0A77868C29}.Release|iPhone.Build.0 = Release|Any CPU
		{81DB5C96-6C12-42F3-8262-1B0A77868C29}.Release|iPhoneSimulator.ActiveCfg = Release|Any CPU
		{81DB5C96-6C12-42F3-8262-1B0A77868C29}.Release|iPhoneSimulator.Build.0 = Release|Any CPU
		{81DB5C96-6C12-42F3-8262-1B0A77868C29}.Release|x64.ActiveCfg = Release|Any CPU
		{81DB5C96-6C12-42F3-8262-1B0A77868C29}.Release|x64.Build.0 = Release|Any CPU
		{81DB5C96-6C12-42F3-8262-1B0A77868C29}.Release|x86.ActiveCfg = Release|Any CPU
		{81DB5C96-6C12-42F3-8262-1B0A77868C29}.Release|x86.Build.0 = Release|Any CPU
		{E3C55E11-2B43-49DF-8E2F-23E173ABEA02}.Ad-Hoc|Any CPU.ActiveCfg = Release|x86
		{E3C55E11-2B43-49DF-8E2F-23E173ABEA02}.Ad-Hoc|Any CPU.Build.0 = Release|x86
		{E3C55E11-2B43-49DF-8E2F-23E173ABEA02}.Ad-Hoc|Any CPU.Deploy.0 = Release|x86
		{E3C55E11-2B43-49DF-8E2F-23E173ABEA02}.Ad-Hoc|ARM.ActiveCfg = Release|ARM
		{E3C55E11-2B43-49DF-8E2F-23E173ABEA02}.Ad-Hoc|ARM.Build.0 = Release|ARM
		{E3C55E11-2B43-49DF-8E2F-23E173ABEA02}.Ad-Hoc|ARM.Deploy.0 = Release|ARM
		{E3C55E11-2B43-49DF-8E2F-23E173ABEA02}.Ad-Hoc|iPhone.ActiveCfg = Release|x86
		{E3C55E11-2B43-49DF-8E2F-23E173ABEA02}.Ad-Hoc|iPhone.Build.0 = Release|x86
		{E3C55E11-2B43-49DF-8E2F-23E173ABEA02}.Ad-Hoc|iPhone.Deploy.0 = Release|x86
		{E3C55E11-2B43-49DF-8E2F-23E173ABEA02}.Ad-Hoc|iPhoneSimulator.ActiveCfg = Release|x86
		{E3C55E11-2B43-49DF-8E2F-23E173ABEA02}.Ad-Hoc|iPhoneSimulator.Build.0 = Release|x86
		{E3C55E11-2B43-49DF-8E2F-23E173ABEA02}.Ad-Hoc|iPhoneSimulator.Deploy.0 = Release|x86
		{E3C55E11-2B43-49DF-8E2F-23E173ABEA02}.Ad-Hoc|x64.ActiveCfg = Release|x64
		{E3C55E11-2B43-49DF-8E2F-23E173ABEA02}.Ad-Hoc|x64.Build.0 = Release|x64
		{E3C55E11-2B43-49DF-8E2F-23E173ABEA02}.Ad-Hoc|x64.Deploy.0 = Release|x64
		{E3C55E11-2B43-49DF-8E2F-23E173ABEA02}.Ad-Hoc|x86.ActiveCfg = Release|x86
		{E3C55E11-2B43-49DF-8E2F-23E173ABEA02}.Ad-Hoc|x86.Build.0 = Release|x86
		{E3C55E11-2B43-49DF-8E2F-23E173ABEA02}.Ad-Hoc|x86.Deploy.0 = Release|x86
		{E3C55E11-2B43-49DF-8E2F-23E173ABEA02}.AppStore|Any CPU.ActiveCfg = Release|x86
		{E3C55E11-2B43-49DF-8E2F-23E173ABEA02}.AppStore|Any CPU.Build.0 = Release|x86
		{E3C55E11-2B43-49DF-8E2F-23E173ABEA02}.AppStore|Any CPU.Deploy.0 = Release|x86
		{E3C55E11-2B43-49DF-8E2F-23E173ABEA02}.AppStore|ARM.ActiveCfg = Release|ARM
		{E3C55E11-2B43-49DF-8E2F-23E173ABEA02}.AppStore|ARM.Build.0 = Release|ARM
		{E3C55E11-2B43-49DF-8E2F-23E173ABEA02}.AppStore|ARM.Deploy.0 = Release|ARM
		{E3C55E11-2B43-49DF-8E2F-23E173ABEA02}.AppStore|iPhone.ActiveCfg = Release|x86
		{E3C55E11-2B43-49DF-8E2F-23E173ABEA02}.AppStore|iPhone.Build.0 = Release|x86
		{E3C55E11-2B43-49DF-8E2F-23E173ABEA02}.AppStore|iPhone.Deploy.0 = Release|x86
		{E3C55E11-2B43-49DF-8E2F-23E173ABEA02}.AppStore|iPhoneSimulator.ActiveCfg = Release|x86
		{E3C55E11-2B43-49DF-8E2F-23E173ABEA02}.AppStore|iPhoneSimulator.Build.0 = Release|x86
		{E3C55E11-2B43-49DF-8E2F-23E173ABEA02}.AppStore|iPhoneSimulator.Deploy.0 = Release|x86
		{E3C55E11-2B43-49DF-8E2F-23E173ABEA02}.AppStore|x64.ActiveCfg = Release|x64
		{E3C55E11-2B43-49DF-8E2F-23E173ABEA02}.AppStore|x64.Build.0 = Release|x64
		{E3C55E11-2B43-49DF-8E2F-23E173ABEA02}.AppStore|x64.Deploy.0 = Release|x64
		{E3C55E11-2B43-49DF-8E2F-23E173ABEA02}.AppStore|x86.ActiveCfg = Release|x86
		{E3C55E11-2B43-49DF-8E2F-23E173ABEA02}.AppStore|x86.Build.0 = Release|x86
		{E3C55E11-2B43-49DF-8E2F-23E173ABEA02}.AppStore|x86.Deploy.0 = Release|x86
		{E3C55E11-2B43-49DF-8E2F-23E173ABEA02}.Debug|Any CPU.ActiveCfg = Debug|x86
		{E3C55E11-2B43-49DF-8E2F-23E173ABEA02}.Debug|ARM.ActiveCfg = Debug|ARM
		{E3C55E11-2B43-49DF-8E2F-23E173ABEA02}.Debug|ARM.Build.0 = Debug|ARM
		{E3C55E11-2B43-49DF-8E2F-23E173ABEA02}.Debug|ARM.Deploy.0 = Debug|ARM
		{E3C55E11-2B43-49DF-8E2F-23E173ABEA02}.Debug|iPhone.ActiveCfg = Debug|x86
		{E3C55E11-2B43-49DF-8E2F-23E173ABEA02}.Debug|iPhoneSimulator.ActiveCfg = Debug|x86
		{E3C55E11-2B43-49DF-8E2F-23E173ABEA02}.Debug|x64.ActiveCfg = Debug|x64
		{E3C55E11-2B43-49DF-8E2F-23E173ABEA02}.Debug|x64.Build.0 = Debug|x64
		{E3C55E11-2B43-49DF-8E2F-23E173ABEA02}.Debug|x64.Deploy.0 = Debug|x64
		{E3C55E11-2B43-49DF-8E2F-23E173ABEA02}.Debug|x86.ActiveCfg = Debug|x86
		{E3C55E11-2B43-49DF-8E2F-23E173ABEA02}.Debug|x86.Build.0 = Debug|x86
		{E3C55E11-2B43-49DF-8E2F-23E173ABEA02}.Debug|x86.Deploy.0 = Debug|x86
		{E3C55E11-2B43-49DF-8E2F-23E173ABEA02}.Release|Any CPU.ActiveCfg = Release|x86
		{E3C55E11-2B43-49DF-8E2F-23E173ABEA02}.Release|ARM.ActiveCfg = Release|ARM
		{E3C55E11-2B43-49DF-8E2F-23E173ABEA02}.Release|ARM.Build.0 = Release|ARM
		{E3C55E11-2B43-49DF-8E2F-23E173ABEA02}.Release|ARM.Deploy.0 = Release|ARM
		{E3C55E11-2B43-49DF-8E2F-23E173ABEA02}.Release|iPhone.ActiveCfg = Release|x86
		{E3C55E11-2B43-49DF-8E2F-23E173ABEA02}.Release|iPhoneSimulator.ActiveCfg = Release|x86
		{E3C55E11-2B43-49DF-8E2F-23E173ABEA02}.Release|x64.ActiveCfg = Release|x64
		{E3C55E11-2B43-49DF-8E2F-23E173ABEA02}.Release|x64.Build.0 = Release|x64
		{E3C55E11-2B43-49DF-8E2F-23E173ABEA02}.Release|x64.Deploy.0 = Release|x64
		{E3C55E11-2B43-49DF-8E2F-23E173ABEA02}.Release|x86.ActiveCfg = Release|x86
		{E3C55E11-2B43-49DF-8E2F-23E173ABEA02}.Release|x86.Build.0 = Release|x86
		{E3C55E11-2B43-49DF-8E2F-23E173ABEA02}.Release|x86.Deploy.0 = Release|x86
		{568FE7F7-ED25-4298-A29D-744395E5AA81}.Ad-Hoc|Any CPU.ActiveCfg = Ad-Hoc|iPhone
		{568FE7F7-ED25-4298-A29D-744395E5AA81}.Ad-Hoc|ARM.ActiveCfg = Ad-Hoc|iPhone
		{568FE7F7-ED25-4298-A29D-744395E5AA81}.Ad-Hoc|iPhone.ActiveCfg = Ad-Hoc|iPhone
		{568FE7F7-ED25-4298-A29D-744395E5AA81}.Ad-Hoc|iPhone.Build.0 = Ad-Hoc|iPhone
		{568FE7F7-ED25-4298-A29D-744395E5AA81}.Ad-Hoc|iPhoneSimulator.ActiveCfg = Ad-Hoc|iPhoneSimulator
		{568FE7F7-ED25-4298-A29D-744395E5AA81}.Ad-Hoc|iPhoneSimulator.Build.0 = Ad-Hoc|iPhoneSimulator
		{568FE7F7-ED25-4298-A29D-744395E5AA81}.Ad-Hoc|x64.ActiveCfg = Ad-Hoc|iPhone
		{568FE7F7-ED25-4298-A29D-744395E5AA81}.Ad-Hoc|x86.ActiveCfg = Ad-Hoc|iPhone
		{568FE7F7-ED25-4298-A29D-744395E5AA81}.AppStore|Any CPU.ActiveCfg = AppStore|iPhone
		{568FE7F7-ED25-4298-A29D-744395E5AA81}.AppStore|ARM.ActiveCfg = AppStore|iPhone
		{568FE7F7-ED25-4298-A29D-744395E5AA81}.AppStore|iPhone.ActiveCfg = AppStore|iPhone
		{568FE7F7-ED25-4298-A29D-744395E5AA81}.AppStore|iPhone.Build.0 = AppStore|iPhone
		{568FE7F7-ED25-4298-A29D-744395E5AA81}.AppStore|iPhoneSimulator.ActiveCfg = AppStore|iPhoneSimulator
		{568FE7F7-ED25-4298-A29D-744395E5AA81}.AppStore|iPhoneSimulator.Build.0 = AppStore|iPhoneSimulator
		{568FE7F7-ED25-4298-A29D-744395E5AA81}.AppStore|x64.ActiveCfg = AppStore|iPhone
		{568FE7F7-ED25-4298-A29D-744395E5AA81}.AppStore|x86.ActiveCfg = AppStore|iPhone
		{568FE7F7-ED25-4298-A29D-744395E5AA81}.Debug|Any CPU.ActiveCfg = Debug|iPhone
		{568FE7F7-ED25-4298-A29D-744395E5AA81}.Debug|ARM.ActiveCfg = Debug|iPhone
		{568FE7F7-ED25-4298-A29D-744395E5AA81}.Debug|iPhone.ActiveCfg = Debug|iPhone
		{568FE7F7-ED25-4298-A29D-744395E5AA81}.Debug|iPhone.Build.0 = Debug|iPhone
		{568FE7F7-ED25-4298-A29D-744395E5AA81}.Debug|iPhoneSimulator.ActiveCfg = Debug|iPhoneSimulator
		{568FE7F7-ED25-4298-A29D-744395E5AA81}.Debug|iPhoneSimulator.Build.0 = Debug|iPhoneSimulator
		{568FE7F7-ED25-4298-A29D-744395E5AA81}.Debug|x64.ActiveCfg = Debug|iPhone
		{568FE7F7-ED25-4298-A29D-744395E5AA81}.Debug|x86.ActiveCfg = Debug|iPhone
		{568FE7F7-ED25-4298-A29D-744395E5AA81}.Release|Any CPU.ActiveCfg = Release|iPhone
		{568FE7F7-ED25-4298-A29D-744395E5AA81}.Release|ARM.ActiveCfg = Release|iPhone
		{568FE7F7-ED25-4298-A29D-744395E5AA81}.Release|iPhone.ActiveCfg = Release|iPhone
		{568FE7F7-ED25-4298-A29D-744395E5AA81}.Release|iPhone.Build.0 = Release|iPhone
		{568FE7F7-ED25-4298-A29D-744395E5AA81}.Release|iPhoneSimulator.ActiveCfg = Release|iPhoneSimulator
		{568FE7F7-ED25-4298-A29D-744395E5AA81}.Release|iPhoneSimulator.Build.0 = Release|iPhoneSimulator
		{568FE7F7-ED25-4298-A29D-744395E5AA81}.Release|x64.ActiveCfg = Release|iPhone
		{568FE7F7-ED25-4298-A29D-744395E5AA81}.Release|x86.ActiveCfg = Release|iPhone
	EndGlobalSection
	GlobalSection(SolutionProperties) = preSolution
		HideSolutionNode = FALSE
	EndGlobalSection
EndGlobal
