
Microsoft Visual Studio Solution File, Format Version 12.00
# Visual Studio 15
VisualStudioVersion = 15.0.26403.3
MinimumVisualStudioVersion = 10.0.40219.1
Project("{D954291E-2A0B-460D-934E-DC6B0785DB48}") = "firstApp", "firstApp\firstApp\firstApp.shproj", "{FE891E93-437B-4831-A7C6-265E959D0F57}"
EndProject
Project("{FAE04EC0-301F-11D3-BF4B-00C04F79EFBC}") = "firstApp.Android", "firstApp\firstApp.Android\firstApp.Android.csproj", "{FBB547D3-99B2-4CA9-9FA9-FA366239EFA6}"
EndProject
Project("{FAE04EC0-301F-11D3-BF4B-00C04F79EFBC}") = "firstApp.iOS", "firstApp\firstApp.iOS\firstApp.iOS.csproj", "{5A234B9B-B917-4BC8-B7DA-8077BB77C711}"
EndProject
Project("{FAE04EC0-301F-11D3-BF4B-00C04F79EFBC}") = "firstApp.UWP", "firstApp\firstApp.UWP\firstApp.UWP.csproj", "{BA930B8A-1DE3-46F4-9998-CDC37286A7CB}"
EndProject
Global
	GlobalSection(SharedMSBuildProjectFiles) = preSolution
		firstApp\firstApp\firstApp.projitems*{5a234b9b-b917-4bc8-b7da-8077bb77c711}*SharedItemsImports = 4
		firstApp\firstApp\firstApp.projitems*{ba930b8a-1de3-46f4-9998-cdc37286a7cb}*SharedItemsImports = 4
		firstApp\firstApp\firstApp.projitems*{fbb547d3-99b2-4ca9-9fa9-fa366239efa6}*SharedItemsImports = 4
		firstApp\firstApp\firstApp.projitems*{fe891e93-437b-4831-a7c6-265e959d0f57}*SharedItemsImports = 13
	EndGlobalSection
	GlobalSection(SolutionConfigurationPlatforms) = preSolution
		Ad-Hoc|Any CPU = Ad-Hoc|Any CPU
		Ad-Hoc|ARM = Ad-Hoc|ARM
		Ad-Hoc|iPhone = Ad-Hoc|iPhone
		Ad-Hoc|iPhoneSimulator = Ad-Hoc|iPhoneSimulator
		Ad-Hoc|x64 = Ad-Hoc|x64
		Ad-Hoc|x86 = Ad-Hoc|x86
		AppStore|Any CPU = AppStore|Any CPU
		AppStore|ARM = AppStore|ARM
		AppStore|iPhone = AppStore|iPhone
		AppStore|iPhoneSimulator = AppStore|iPhoneSimulator
		AppStore|x64 = AppStore|x64
		AppStore|x86 = AppStore|x86
		Debug|Any CPU = Debug|Any CPU
		Debug|ARM = Debug|ARM
		Debug|iPhone = Debug|iPhone
		Debug|iPhoneSimulator = Debug|iPhoneSimulator
		Debug|x64 = Debug|x64
		Debug|x86 = Debug|x86
		Release|Any CPU = Release|Any CPU
		Release|ARM = Release|ARM
		Release|iPhone = Release|iPhone
		Release|iPhoneSimulator = Release|iPhoneSimulator
		Release|x64 = Release|x64
		Release|x86 = Release|x86
	EndGlobalSection
	GlobalSection(ProjectConfigurationPlatforms) = postSolution
		{FBB547D3-99B2-4CA9-9FA9-FA366239EFA6}.Ad-Hoc|Any CPU.ActiveCfg = Release|Any CPU
		{FBB547D3-99B2-4CA9-9FA9-FA366239EFA6}.Ad-Hoc|Any CPU.Build.0 = Release|Any CPU
		{FBB547D3-99B2-4CA9-9FA9-FA366239EFA6}.Ad-Hoc|Any CPU.Deploy.0 = Release|Any CPU
		{FBB547D3-99B2-4CA9-9FA9-FA366239EFA6}.Ad-Hoc|ARM.ActiveCfg = Release|Any CPU
		{FBB547D3-99B2-4CA9-9FA9-FA366239EFA6}.Ad-Hoc|ARM.Build.0 = Release|Any CPU
		{FBB547D3-99B2-4CA9-9FA9-FA366239EFA6}.Ad-Hoc|ARM.Deploy.0 = Release|Any CPU
		{FBB547D3-99B2-4CA9-9FA9-FA366239EFA6}.Ad-Hoc|iPhone.ActiveCfg = Release|Any CPU
		{FBB547D3-99B2-4CA9-9FA9-FA366239EFA6}.Ad-Hoc|iPhone.Build.0 = Release|Any CPU
		{FBB547D3-99B2-4CA9-9FA9-FA366239EFA6}.Ad-Hoc|iPhone.Deploy.0 = Release|Any CPU
		{FBB547D3-99B2-4CA9-9FA9-FA366239EFA6}.Ad-Hoc|iPhoneSimulator.ActiveCfg = Release|Any CPU
		{FBB547D3-99B2-4CA9-9FA9-FA366239EFA6}.Ad-Hoc|iPhoneSimulator.Build.0 = Release|Any CPU
		{FBB547D3-99B2-4CA9-9FA9-FA366239EFA6}.Ad-Hoc|iPhoneSimulator.Deploy.0 = Release|Any CPU
		{FBB547D3-99B2-4CA9-9FA9-FA366239EFA6}.Ad-Hoc|x64.ActiveCfg = Release|Any CPU
		{FBB547D3-99B2-4CA9-9FA9-FA366239EFA6}.Ad-Hoc|x64.Build.0 = Release|Any CPU
		{FBB547D3-99B2-4CA9-9FA9-FA366239EFA6}.Ad-Hoc|x64.Deploy.0 = Release|Any CPU
		{FBB547D3-99B2-4CA9-9FA9-FA366239EFA6}.Ad-Hoc|x86.ActiveCfg = Release|Any CPU
		{FBB547D3-99B2-4CA9-9FA9-FA366239EFA6}.Ad-Hoc|x86.Build.0 = Release|Any CPU
		{FBB547D3-99B2-4CA9-9FA9-FA366239EFA6}.Ad-Hoc|x86.Deploy.0 = Release|Any CPU
		{FBB547D3-99B2-4CA9-9FA9-FA366239EFA6}.AppStore|Any CPU.ActiveCfg = Release|Any CPU
		{FBB547D3-99B2-4CA9-9FA9-FA366239EFA6}.AppStore|Any CPU.Build.0 = Release|Any CPU
		{FBB547D3-99B2-4CA9-9FA9-FA366239EFA6}.AppStore|Any CPU.Deploy.0 = Release|Any CPU
		{FBB547D3-99B2-4CA9-9FA9-FA366239EFA6}.AppStore|ARM.ActiveCfg = Release|Any CPU
		{FBB547D3-99B2-4CA9-9FA9-FA366239EFA6}.AppStore|ARM.Build.0 = Release|Any CPU
		{FBB547D3-99B2-4CA9-9FA9-FA366239EFA6}.AppStore|ARM.Deploy.0 = Release|Any CPU
		{FBB547D3-99B2-4CA9-9FA9-FA366239EFA6}.AppStore|iPhone.ActiveCfg = Release|Any CPU
		{FBB547D3-99B2-4CA9-9FA9-FA366239EFA6}.AppStore|iPhone.Build.0 = Release|Any CPU
		{FBB547D3-99B2-4CA9-9FA9-FA366239EFA6}.AppStore|iPhone.Deploy.0 = Release|Any CPU
		{FBB547D3-99B2-4CA9-9FA9-FA366239EFA6}.AppStore|iPhoneSimulator.ActiveCfg = Release|Any CPU
		{FBB547D3-99B2-4CA9-9FA9-FA366239EFA6}.AppStore|iPhoneSimulator.Build.0 = Release|Any CPU
		{FBB547D3-99B2-4CA9-9FA9-FA366239EFA6}.AppStore|iPhoneSimulator.Deploy.0 = Release|Any CPU
		{FBB547D3-99B2-4CA9-9FA9-FA366239EFA6}.AppStore|x64.ActiveCfg = Release|Any CPU
		{FBB547D3-99B2-4CA9-9FA9-FA366239EFA6}.AppStore|x64.Build.0 = Release|Any CPU
		{FBB547D3-99B2-4CA9-9FA9-FA366239EFA6}.AppStore|x64.Deploy.0 = Release|Any CPU
		{FBB547D3-99B2-4CA9-9FA9-FA366239EFA6}.AppStore|x86.ActiveCfg = Release|Any CPU
		{FBB547D3-99B2-4CA9-9FA9-FA366239EFA6}.AppStore|x86.Build.0 = Release|Any CPU
		{FBB547D3-99B2-4CA9-9FA9-FA366239EFA6}.AppStore|x86.Deploy.0 = Release|Any CPU
		{FBB547D3-99B2-4CA9-9FA9-FA366239EFA6}.Debug|Any CPU.ActiveCfg = Debug|Any CPU
		{FBB547D3-99B2-4CA9-9FA9-FA366239EFA6}.Debug|Any CPU.Build.0 = Debug|Any CPU
		{FBB547D3-99B2-4CA9-9FA9-FA366239EFA6}.Debug|Any CPU.Deploy.0 = Debug|Any CPU
		{FBB547D3-99B2-4CA9-9FA9-FA366239EFA6}.Debug|ARM.ActiveCfg = Debug|Any CPU
		{FBB547D3-99B2-4CA9-9FA9-FA366239EFA6}.Debug|ARM.Build.0 = Debug|Any CPU
		{FBB547D3-99B2-4CA9-9FA9-FA366239EFA6}.Debug|ARM.Deploy.0 = Debug|Any CPU
		{FBB547D3-99B2-4CA9-9FA9-FA366239EFA6}.Debug|iPhone.ActiveCfg = Debug|Any CPU
		{FBB547D3-99B2-4CA9-9FA9-FA366239EFA6}.Debug|iPhone.Build.0 = Debug|Any CPU
		{FBB547D3-99B2-4CA9-9FA9-FA366239EFA6}.Debug|iPhone.Deploy.0 = Debug|Any CPU
		{FBB547D3-99B2-4CA9-9FA9-FA366239EFA6}.Debug|iPhoneSimulator.ActiveCfg = Debug|Any CPU
		{FBB547D3-99B2-4CA9-9FA9-FA366239EFA6}.Debug|iPhoneSimulator.Build.0 = Debug|Any CPU
		{FBB547D3-99B2-4CA9-9FA9-FA366239EFA6}.Debug|iPhoneSimulator.Deploy.0 = Debug|Any CPU
		{FBB547D3-99B2-4CA9-9FA9-FA366239EFA6}.Debug|x64.ActiveCfg = Debug|Any CPU
		{FBB547D3-99B2-4CA9-9FA9-FA366239EFA6}.Debug|x64.Build.0 = Debug|Any CPU
		{FBB547D3-99B2-4CA9-9FA9-FA366239EFA6}.Debug|x64.Deploy.0 = Debug|Any CPU
		{FBB547D3-99B2-4CA9-9FA9-FA366239EFA6}.Debug|x86.ActiveCfg = Debug|Any CPU
		{FBB547D3-99B2-4CA9-9FA9-FA366239EFA6}.Debug|x86.Build.0 = Debug|Any CPU
		{FBB547D3-99B2-4CA9-9FA9-FA366239EFA6}.Debug|x86.Deploy.0 = Debug|Any CPU
		{FBB547D3-99B2-4CA9-9FA9-FA366239EFA6}.Release|Any CPU.ActiveCfg = Release|Any CPU
		{FBB547D3-99B2-4CA9-9FA9-FA366239EFA6}.Release|Any CPU.Build.0 = Release|Any CPU
		{FBB547D3-99B2-4CA9-9FA9-FA366239EFA6}.Release|Any CPU.Deploy.0 = Release|Any CPU
		{FBB547D3-99B2-4CA9-9FA9-FA366239EFA6}.Release|ARM.ActiveCfg = Release|Any CPU
		{FBB547D3-99B2-4CA9-9FA9-FA366239EFA6}.Release|ARM.Build.0 = Release|Any CPU
		{FBB547D3-99B2-4CA9-9FA9-FA366239EFA6}.Release|ARM.Deploy.0 = Release|Any CPU
		{FBB547D3-99B2-4CA9-9FA9-FA366239EFA6}.Release|iPhone.ActiveCfg = Release|Any CPU
		{FBB547D3-99B2-4CA9-9FA9-FA366239EFA6}.Release|iPhone.Build.0 = Release|Any CPU
		{FBB547D3-99B2-4CA9-9FA9-FA366239EFA6}.Release|iPhone.Deploy.0 = Release|Any CPU
		{FBB547D3-99B2-4CA9-9FA9-FA366239EFA6}.Release|iPhoneSimulator.ActiveCfg = Release|Any CPU
		{FBB547D3-99B2-4CA9-9FA9-FA366239EFA6}.Release|iPhoneSimulator.Build.0 = Release|Any CPU
		{FBB547D3-99B2-4CA9-9FA9-FA366239EFA6}.Release|iPhoneSimulator.Deploy.0 = Release|Any CPU
		{FBB547D3-99B2-4CA9-9FA9-FA366239EFA6}.Release|x64.ActiveCfg = Release|Any CPU
		{FBB547D3-99B2-4CA9-9FA9-FA366239EFA6}.Release|x64.Build.0 = Release|Any CPU
		{FBB547D3-99B2-4CA9-9FA9-FA366239EFA6}.Release|x64.Deploy.0 = Release|Any CPU
		{FBB547D3-99B2-4CA9-9FA9-FA366239EFA6}.Release|x86.ActiveCfg = Release|Any CPU
		{FBB547D3-99B2-4CA9-9FA9-FA366239EFA6}.Release|x86.Build.0 = Release|Any CPU
		{FBB547D3-99B2-4CA9-9FA9-FA366239EFA6}.Release|x86.Deploy.0 = Release|Any CPU
		{5A234B9B-B917-4BC8-B7DA-8077BB77C711}.Ad-Hoc|Any CPU.ActiveCfg = Ad-Hoc|iPhone
		{5A234B9B-B917-4BC8-B7DA-8077BB77C711}.Ad-Hoc|ARM.ActiveCfg = Ad-Hoc|iPhone
		{5A234B9B-B917-4BC8-B7DA-8077BB77C711}.Ad-Hoc|iPhone.ActiveCfg = Ad-Hoc|iPhone
		{5A234B9B-B917-4BC8-B7DA-8077BB77C711}.Ad-Hoc|iPhone.Build.0 = Ad-Hoc|iPhone
		{5A234B9B-B917-4BC8-B7DA-8077BB77C711}.Ad-Hoc|iPhoneSimulator.ActiveCfg = Ad-Hoc|iPhoneSimulator
		{5A234B9B-B917-4BC8-B7DA-8077BB77C711}.Ad-Hoc|iPhoneSimulator.Build.0 = Ad-Hoc|iPhoneSimulator
		{5A234B9B-B917-4BC8-B7DA-8077BB77C711}.Ad-Hoc|x64.ActiveCfg = Ad-Hoc|iPhone
		{5A234B9B-B917-4BC8-B7DA-8077BB77C711}.Ad-Hoc|x86.ActiveCfg = Ad-Hoc|iPhone
		{5A234B9B-B917-4BC8-B7DA-8077BB77C711}.AppStore|Any CPU.ActiveCfg = AppStore|iPhone
		{5A234B9B-B917-4BC8-B7DA-8077BB77C711}.AppStore|ARM.ActiveCfg = AppStore|iPhone
		{5A234B9B-B917-4BC8-B7DA-8077BB77C711}.AppStore|iPhone.ActiveCfg = AppStore|iPhone
		{5A234B9B-B917-4BC8-B7DA-8077BB77C711}.AppStore|iPhone.Build.0 = AppStore|iPhone
		{5A234B9B-B917-4BC8-B7DA-8077BB77C711}.AppStore|iPhoneSimulator.ActiveCfg = AppStore|iPhoneSimulator
		{5A234B9B-B917-4BC8-B7DA-8077BB77C711}.AppStore|iPhoneSimulator.Build.0 = AppStore|iPhoneSimulator
		{5A234B9B-B917-4BC8-B7DA-8077BB77C711}.AppStore|x64.ActiveCfg = AppStore|iPhone
		{5A234B9B-B917-4BC8-B7DA-8077BB77C711}.AppStore|x86.ActiveCfg = AppStore|iPhone
		{5A234B9B-B917-4BC8-B7DA-8077BB77C711}.Debug|Any CPU.ActiveCfg = Debug|iPhone
		{5A234B9B-B917-4BC8-B7DA-8077BB77C711}.Debug|ARM.ActiveCfg = Debug|iPhone
		{5A234B9B-B917-4BC8-B7DA-8077BB77C711}.Debug|iPhone.ActiveCfg = Debug|iPhone
		{5A234B9B-B917-4BC8-B7DA-8077BB77C711}.Debug|iPhone.Build.0 = Debug|iPhone
		{5A234B9B-B917-4BC8-B7DA-8077BB77C711}.Debug|iPhoneSimulator.ActiveCfg = Debug|iPhoneSimulator
		{5A234B9B-B917-4BC8-B7DA-8077BB77C711}.Debug|iPhoneSimulator.Build.0 = Debug|iPhoneSimulator
		{5A234B9B-B917-4BC8-B7DA-8077BB77C711}.Debug|x64.ActiveCfg = Debug|iPhone
		{5A234B9B-B917-4BC8-B7DA-8077BB77C711}.Debug|x86.ActiveCfg = Debug|iPhone
		{5A234B9B-B917-4BC8-B7DA-8077BB77C711}.Release|Any CPU.ActiveCfg = Release|iPhone
		{5A234B9B-B917-4BC8-B7DA-8077BB77C711}.Release|ARM.ActiveCfg = Release|iPhone
		{5A234B9B-B917-4BC8-B7DA-8077BB77C711}.Release|iPhone.ActiveCfg = Release|iPhone
		{5A234B9B-B917-4BC8-B7DA-8077BB77C711}.Release|iPhone.Build.0 = Release|iPhone
		{5A234B9B-B917-4BC8-B7DA-8077BB77C711}.Release|iPhoneSimulator.ActiveCfg = Release|iPhoneSimulator
		{5A234B9B-B917-4BC8-B7DA-8077BB77C711}.Release|iPhoneSimulator.Build.0 = Release|iPhoneSimulator
		{5A234B9B-B917-4BC8-B7DA-8077BB77C711}.Release|x64.ActiveCfg = Release|iPhone
		{5A234B9B-B917-4BC8-B7DA-8077BB77C711}.Release|x86.ActiveCfg = Release|iPhone
		{BA930B8A-1DE3-46F4-9998-CDC37286A7CB}.Ad-Hoc|Any CPU.ActiveCfg = Release|x86
		{BA930B8A-1DE3-46F4-9998-CDC37286A7CB}.Ad-Hoc|Any CPU.Build.0 = Release|x86
		{BA930B8A-1DE3-46F4-9998-CDC37286A7CB}.Ad-Hoc|Any CPU.Deploy.0 = Release|x86
		{BA930B8A-1DE3-46F4-9998-CDC37286A7CB}.Ad-Hoc|ARM.ActiveCfg = Release|ARM
		{BA930B8A-1DE3-46F4-9998-CDC37286A7CB}.Ad-Hoc|ARM.Build.0 = Release|ARM
		{BA930B8A-1DE3-46F4-9998-CDC37286A7CB}.Ad-Hoc|ARM.Deploy.0 = Release|ARM
		{BA930B8A-1DE3-46F4-9998-CDC37286A7CB}.Ad-Hoc|iPhone.ActiveCfg = Release|x86
		{BA930B8A-1DE3-46F4-9998-CDC37286A7CB}.Ad-Hoc|iPhone.Build.0 = Release|x86
		{BA930B8A-1DE3-46F4-9998-CDC37286A7CB}.Ad-Hoc|iPhone.Deploy.0 = Release|x86
		{BA930B8A-1DE3-46F4-9998-CDC37286A7CB}.Ad-Hoc|iPhoneSimulator.ActiveCfg = Release|x86
		{BA930B8A-1DE3-46F4-9998-CDC37286A7CB}.Ad-Hoc|iPhoneSimulator.Build.0 = Release|x86
		{BA930B8A-1DE3-46F4-9998-CDC37286A7CB}.Ad-Hoc|iPhoneSimulator.Deploy.0 = Release|x86
		{BA930B8A-1DE3-46F4-9998-CDC37286A7CB}.Ad-Hoc|x64.ActiveCfg = Release|x64
		{BA930B8A-1DE3-46F4-9998-CDC37286A7CB}.Ad-Hoc|x64.Build.0 = Release|x64
		{BA930B8A-1DE3-46F4-9998-CDC37286A7CB}.Ad-Hoc|x64.Deploy.0 = Release|x64
		{BA930B8A-1DE3-46F4-9998-CDC37286A7CB}.Ad-Hoc|x86.ActiveCfg = Release|x86
		{BA930B8A-1DE3-46F4-9998-CDC37286A7CB}.Ad-Hoc|x86.Build.0 = Release|x86
		{BA930B8A-1DE3-46F4-9998-CDC37286A7CB}.Ad-Hoc|x86.Deploy.0 = Release|x86
		{BA930B8A-1DE3-46F4-9998-CDC37286A7CB}.AppStore|Any CPU.ActiveCfg = Release|x86
		{BA930B8A-1DE3-46F4-9998-CDC37286A7CB}.AppStore|Any CPU.Build.0 = Release|x86
		{BA930B8A-1DE3-46F4-9998-CDC37286A7CB}.AppStore|Any CPU.Deploy.0 = Release|x86
		{BA930B8A-1DE3-46F4-9998-CDC37286A7CB}.AppStore|ARM.ActiveCfg = Release|ARM
		{BA930B8A-1DE3-46F4-9998-CDC37286A7CB}.AppStore|ARM.Build.0 = Release|ARM
		{BA930B8A-1DE3-46F4-9998-CDC37286A7CB}.AppStore|ARM.Deploy.0 = Release|ARM
		{BA930B8A-1DE3-46F4-9998-CDC37286A7CB}.AppStore|iPhone.ActiveCfg = Release|x86
		{BA930B8A-1DE3-46F4-9998-CDC37286A7CB}.AppStore|iPhone.Build.0 = Release|x86
		{BA930B8A-1DE3-46F4-9998-CDC37286A7CB}.AppStore|iPhone.Deploy.0 = Release|x86
		{BA930B8A-1DE3-46F4-9998-CDC37286A7CB}.AppStore|iPhoneSimulator.ActiveCfg = Release|x86
		{BA930B8A-1DE3-46F4-9998-CDC37286A7CB}.AppStore|iPhoneSimulator.Build.0 = Release|x86
		{BA930B8A-1DE3-46F4-9998-CDC37286A7CB}.AppStore|iPhoneSimulator.Deploy.0 = Release|x86
		{BA930B8A-1DE3-46F4-9998-CDC37286A7CB}.AppStore|x64.ActiveCfg = Release|x64
		{BA930B8A-1DE3-46F4-9998-CDC37286A7CB}.AppStore|x64.Build.0 = Release|x64
		{BA930B8A-1DE3-46F4-9998-CDC37286A7CB}.AppStore|x64.Deploy.0 = Release|x64
		{BA930B8A-1DE3-46F4-9998-CDC37286A7CB}.AppStore|x86.ActiveCfg = Release|x86
		{BA930B8A-1DE3-46F4-9998-CDC37286A7CB}.AppStore|x86.Build.0 = Release|x86
		{BA930B8A-1DE3-46F4-9998-CDC37286A7CB}.AppStore|x86.Deploy.0 = Release|x86
		{BA930B8A-1DE3-46F4-9998-CDC37286A7CB}.Debug|Any CPU.ActiveCfg = Debug|x86
		{BA930B8A-1DE3-46F4-9998-CDC37286A7CB}.Debug|Any CPU.Build.0 = Debug|x86
		{BA930B8A-1DE3-46F4-9998-CDC37286A7CB}.Debug|Any CPU.Deploy.0 = Debug|x86
		{BA930B8A-1DE3-46F4-9998-CDC37286A7CB}.Debug|ARM.ActiveCfg = Debug|ARM
		{BA930B8A-1DE3-46F4-9998-CDC37286A7CB}.Debug|ARM.Build.0 = Debug|ARM
		{BA930B8A-1DE3-46F4-9998-CDC37286A7CB}.Debug|ARM.Deploy.0 = Debug|ARM
		{BA930B8A-1DE3-46F4-9998-CDC37286A7CB}.Debug|iPhone.ActiveCfg = Debug|x86
		{BA930B8A-1DE3-46F4-9998-CDC37286A7CB}.Debug|iPhoneSimulator.ActiveCfg = Debug|x86
		{BA930B8A-1DE3-46F4-9998-CDC37286A7CB}.Debug|x64.ActiveCfg = Debug|x64
		{BA930B8A-1DE3-46F4-9998-CDC37286A7CB}.Debug|x64.Build.0 = Debug|x64
		{BA930B8A-1DE3-46F4-9998-CDC37286A7CB}.Debug|x64.Deploy.0 = Debug|x64
		{BA930B8A-1DE3-46F4-9998-CDC37286A7CB}.Debug|x86.ActiveCfg = Debug|x86
		{BA930B8A-1DE3-46F4-9998-CDC37286A7CB}.Debug|x86.Build.0 = Debug|x86
		{BA930B8A-1DE3-46F4-9998-CDC37286A7CB}.Debug|x86.Deploy.0 = Debug|x86
		{BA930B8A-1DE3-46F4-9998-CDC37286A7CB}.Release|Any CPU.ActiveCfg = Release|x86
		{BA930B8A-1DE3-46F4-9998-CDC37286A7CB}.Release|ARM.ActiveCfg = Release|ARM
		{BA930B8A-1DE3-46F4-9998-CDC37286A7CB}.Release|ARM.Build.0 = Release|ARM
		{BA930B8A-1DE3-46F4-9998-CDC37286A7CB}.Release|ARM.Deploy.0 = Release|ARM
		{BA930B8A-1DE3-46F4-9998-CDC37286A7CB}.Release|iPhone.ActiveCfg = Release|x86
		{BA930B8A-1DE3-46F4-9998-CDC37286A7CB}.Release|iPhoneSimulator.ActiveCfg = Release|x86
		{BA930B8A-1DE3-46F4-9998-CDC37286A7CB}.Release|x64.ActiveCfg = Release|x64
		{BA930B8A-1DE3-46F4-9998-CDC37286A7CB}.Release|x64.Build.0 = Release|x64
		{BA930B8A-1DE3-46F4-9998-CDC37286A7CB}.Release|x64.Deploy.0 = Release|x64
		{BA930B8A-1DE3-46F4-9998-CDC37286A7CB}.Release|x86.ActiveCfg = Release|x86
		{BA930B8A-1DE3-46F4-9998-CDC37286A7CB}.Release|x86.Build.0 = Release|x86
		{BA930B8A-1DE3-46F4-9998-CDC37286A7CB}.Release|x86.Deploy.0 = Release|x86
	EndGlobalSection
	GlobalSection(SolutionProperties) = preSolution
		HideSolutionNode = FALSE
	EndGlobalSection
EndGlobal
